
Microsoft Visual Studio Solution File, Format Version 11.00
# Visual Studio 2010
Project("{8BC9CEB8-8B4A-11D0-8D11-00A0C91BC942}") = "pdf_association0", "pdf_association0\pdf_association0.vcxproj", "{51F914C8-E969-48E8-98E7-A25F832E100E}"
EndProject
Project("{8BC9CEB8-8B4A-11D0-8D11-00A0C91BC942}") = "pdf_association1", "pdf_association1\pdf_association1.vcxproj", "{8C8B3E0B-C52F-4F7A-83FC-511FE39D25E9}"
EndProject
Global
	GlobalSection(SolutionConfigurationPlatforms) = preSolution
		Debug|Win32 = Debug|Win32
		Release|Win32 = Release|Win32
	EndGlobalSection
	GlobalSection(ProjectConfigurationPlatforms) = postSolution
		{51F914C8-E969-48E8-98E7-A25F832E100E}.Debug|Win32.ActiveCfg = Debug|Win32
		{51F914C8-E969-48E8-98E7-A25F832E100E}.Debug|Win32.Build.0 = Debug|Win32
		{51F914C8-E969-48E8-98E7-A25F832E100E}.Release|Win32.ActiveCfg = Release|Win32
		{51F914C8-E969-48E8-98E7-A25F832E100E}.Release|Win32.Build.0 = Release|Win32
		{8C8B3E0B-C52F-4F7A-83FC-511FE39D25E9}.Debug|Win32.ActiveCfg = Debug|Win32
		{8C8B3E0B-C52F-4F7A-83FC-511FE39D25E9}.Debug|Win32.Build.0 = Debug|Win32
		{8C8B3E0B-C52F-4F7A-83FC-511FE39D25E9}.Release|Win32.ActiveCfg = Release|Win32
		{8C8B3E0B-C52F-4F7A-83FC-511FE39D25E9}.Release|Win32.Build.0 = Release|Win32
	EndGlobalSection
	GlobalSection(SolutionProperties) = preSolution
		HideSolutionNode = FALSE
	EndGlobalSection
EndGlobal
